// !$*UTF8*$!
{
	archiveVersion = 1;
	classes = {
	};
	objectVersion = 51;
	objects = {

/* Begin PBXBuildFile section */
		1A24CDD0224CD24400F2FF83 /* TestModal.swift in Sources */ = {isa = PBXBuildFile; fileRef = 1A24CDCF224CD24400F2FF83 /* TestModal.swift */; };
		1AA9D30C224B93CF002D2E02 /* LaunchScreen.storyboard in Resources */ = {isa = PBXBuildFile; fileRef = 1AA9D2D5224B93CF002D2E02 /* LaunchScreen.storyboard */; };
		1AA9D30D224B93CF002D2E02 /* Main.storyboard in Resources */ = {isa = PBXBuildFile; fileRef = 1AA9D2D7224B93CF002D2E02 /* Main.storyboard */; };
		1AA9D30E224B93CF002D2E02 /* ASBaseVC.swift in Sources */ = {isa = PBXBuildFile; fileRef = 1AA9D2DA224B93CF002D2E02 /* ASBaseVC.swift */; };
		1AA9D30F224B93CF002D2E02 /* ViewController.swift in Sources */ = {isa = PBXBuildFile; fileRef = 1AA9D2DD224B93CF002D2E02 /* ViewController.swift */; };
		1AA9D310224B93CF002D2E02 /* UserLogin.swift in Sources */ = {isa = PBXBuildFile; fileRef = 1AA9D2DF224B93CF002D2E02 /* UserLogin.swift */; };
		1AA9D313224B93CF002D2E02 /* Assets.xcassets in Resources */ = {isa = PBXBuildFile; fileRef = 1AA9D2E5224B93CF002D2E02 /* Assets.xcassets */; };
		1AA9D314224B93CF002D2E02 /* CameraImage.swift in Sources */ = {isa = PBXBuildFile; fileRef = 1AA9D2E8224B93CF002D2E02 /* CameraImage.swift */; };
		1AA9D317224B93CF002D2E02 /* ASArrayExtensions.swift in Sources */ = {isa = PBXBuildFile; fileRef = 1AA9D2F1224B93CF002D2E02 /* ASArrayExtensions.swift */; };
		1AA9D318224B93CF002D2E02 /* ASMiscExtensions.swift in Sources */ = {isa = PBXBuildFile; fileRef = 1AA9D2F2224B93CF002D2E02 /* ASMiscExtensions.swift */; };
		1AA9D31B224B93CF002D2E02 /* ASFileManager.swift in Sources */ = {isa = PBXBuildFile; fileRef = 1AA9D2F7224B93CF002D2E02 /* ASFileManager.swift */; };
		1AA9D31D224B93CF002D2E02 /* ASImage.swift in Sources */ = {isa = PBXBuildFile; fileRef = 1AA9D2FB224B93CF002D2E02 /* ASImage.swift */; };
		1AA9D31E224B93CF002D2E02 /* ASViewExtensions.swift in Sources */ = {isa = PBXBuildFile; fileRef = 1AA9D2FD224B93CF002D2E02 /* ASViewExtensions.swift */; };
		1AA9D324224B93CF002D2E02 /* ASUtility.swift in Sources */ = {isa = PBXBuildFile; fileRef = 1AA9D306224B93CF002D2E02 /* ASUtility.swift */; };
		1AA9D325224B93CF002D2E02 /* EnumUtils.swift in Sources */ = {isa = PBXBuildFile; fileRef = 1AA9D307224B93CF002D2E02 /* EnumUtils.swift */; };
		1AA9D326224B93CF002D2E02 /* AppDelegate.swift in Sources */ = {isa = PBXBuildFile; fileRef = 1AA9D309224B93CF002D2E02 /* AppDelegate.swift */; };
		1AA9D32A224B954C002D2E02 /* .swiftlint.yml in Resources */ = {isa = PBXBuildFile; fileRef = 1AA9D329224B954C002D2E02 /* .swiftlint.yml */; };
		6672379F23278BCF00FEC6DA /* Colors.swift in Sources */ = {isa = PBXBuildFile; fileRef = 6672379E23278BCF00FEC6DA /* Colors.swift */; };
		667237A12327924A00FEC6DA /* Fonts.swift in Sources */ = {isa = PBXBuildFile; fileRef = 667237A02327924A00FEC6DA /* Fonts.swift */; };
		669DC86C22F46A5000794E0E /* CBGroupChat+Tokbox.swift in Sources */ = {isa = PBXBuildFile; fileRef = 669DC85C22F46A5000794E0E /* CBGroupChat+Tokbox.swift */; };
		669DC86D22F46A5000794E0E /* CBGroupChat+API.swift in Sources */ = {isa = PBXBuildFile; fileRef = 669DC85D22F46A5000794E0E /* CBGroupChat+API.swift */; };
		669DC86E22F46A5000794E0E /* CBGroupChat+TableView.swift in Sources */ = {isa = PBXBuildFile; fileRef = 669DC85E22F46A5000794E0E /* CBGroupChat+TableView.swift */; };
		669DC86F22F46A5000794E0E /* CBMessageModal.swift in Sources */ = {isa = PBXBuildFile; fileRef = 669DC86022F46A5000794E0E /* CBMessageModal.swift */; };
		669DC87022F46A5000794E0E /* CBGroupChatVC+Helpers.swift in Sources */ = {isa = PBXBuildFile; fileRef = 669DC86122F46A5000794E0E /* CBGroupChatVC+Helpers.swift */; };
		669DC87122F46A5000794E0E /* CBGroupChatVC.swift in Sources */ = {isa = PBXBuildFile; fileRef = 669DC86222F46A5000794E0E /* CBGroupChatVC.swift */; };
		669DC87222F46A5000794E0E /* ASChatImageCell.swift in Sources */ = {isa = PBXBuildFile; fileRef = 669DC86422F46A5000794E0E /* ASChatImageCell.swift */; };
		669DC87322F46A5000794E0E /* ASChatImageCell.xib in Resources */ = {isa = PBXBuildFile; fileRef = 669DC86522F46A5000794E0E /* ASChatImageCell.xib */; };
		669DC87422F46A5000794E0E /* ASChatImageCollectionCell.swift in Sources */ = {isa = PBXBuildFile; fileRef = 669DC86622F46A5000794E0E /* ASChatImageCollectionCell.swift */; };
		669DC87522F46A5000794E0E /* ASChatEventCell.xib in Resources */ = {isa = PBXBuildFile; fileRef = 669DC86722F46A5000794E0E /* ASChatEventCell.xib */; };
		669DC87622F46A5000794E0E /* ASChatCell.swift in Sources */ = {isa = PBXBuildFile; fileRef = 669DC86822F46A5000794E0E /* ASChatCell.swift */; };
		669DC87722F46A5000794E0E /* ASChatEventCell.swift in Sources */ = {isa = PBXBuildFile; fileRef = 669DC86922F46A5000794E0E /* ASChatEventCell.swift */; };
		669DC87822F46A5000794E0E /* ASChatCell.xib in Resources */ = {isa = PBXBuildFile; fileRef = 669DC86A22F46A5000794E0E /* ASChatCell.xib */; };
		669DC87922F46A5000794E0E /* ASChatImageCollectionCell.xib in Resources */ = {isa = PBXBuildFile; fileRef = 669DC86B22F46A5000794E0E /* ASChatImageCollectionCell.xib */; };
		669DC87D22F46D6C00794E0E /* Group.storyboard in Resources */ = {isa = PBXBuildFile; fileRef = 669DC87C22F46D6B00794E0E /* Group.storyboard */; };
		669DC88322F46DBB00794E0E /* CBMessageListVC.swift in Sources */ = {isa = PBXBuildFile; fileRef = 669DC87F22F46DBB00794E0E /* CBMessageListVC.swift */; };
		669DC88422F46DBB00794E0E /* CBSelectUserVC+SelectedUsers.swift in Sources */ = {isa = PBXBuildFile; fileRef = 669DC88022F46DBB00794E0E /* CBSelectUserVC+SelectedUsers.swift */; };
		669DC88522F46DBB00794E0E /* CBGroupDetailVC.swift in Sources */ = {isa = PBXBuildFile; fileRef = 669DC88122F46DBB00794E0E /* CBGroupDetailVC.swift */; };
		669DC88622F46DBB00794E0E /* CBSelectUserVC.swift in Sources */ = {isa = PBXBuildFile; fileRef = 669DC88222F46DBB00794E0E /* CBSelectUserVC.swift */; };
		669DC88A22F46E9800794E0E /* SelectedCell.swift in Sources */ = {isa = PBXBuildFile; fileRef = 669DC88722F46E9800794E0E /* SelectedCell.swift */; };
		669DC88B22F46E9800794E0E /* CBSelectedUserView.swift in Sources */ = {isa = PBXBuildFile; fileRef = 669DC88822F46E9800794E0E /* CBSelectedUserView.swift */; };
		669DC88C22F46E9800794E0E /* CBSelectedUserView.xib in Resources */ = {isa = PBXBuildFile; fileRef = 669DC88922F46E9800794E0E /* CBSelectedUserView.xib */; };
		669DC88E22F4709300794E0E /* Chat.storyboard in Resources */ = {isa = PBXBuildFile; fileRef = 669DC88D22F4709300794E0E /* Chat.storyboard */; };
		669DC89222F4772000794E0E /* ASS3Upload.swift in Sources */ = {isa = PBXBuildFile; fileRef = 669DC89022F4772000794E0E /* ASS3Upload.swift */; };
		669DC89322F4772000794E0E /* AWSModal.swift in Sources */ = {isa = PBXBuildFile; fileRef = 669DC89122F4772000794E0E /* AWSModal.swift */; };
		66D57326236AC2ED008D9D38 /* AppDelegate+Helpers.swift in Sources */ = {isa = PBXBuildFile; fileRef = 66D57325236AC2ED008D9D38 /* AppDelegate+Helpers.swift */; };
		66D5732E236AC31F008D9D38 /* Singleton.swift in Sources */ = {isa = PBXBuildFile; fileRef = 66D57328236AC31F008D9D38 /* Singleton.swift */; };
		66D5732F236AC31F008D9D38 /* ASDataModal.swift in Sources */ = {isa = PBXBuildFile; fileRef = 66D5732A236AC31F008D9D38 /* ASDataModal.swift */; };
		66D57330236AC31F008D9D38 /* RepeatingTimer.swift in Sources */ = {isa = PBXBuildFile; fileRef = 66D5732D236AC31F008D9D38 /* RepeatingTimer.swift */; };
		66D57335236AC35A008D9D38 /* ASWebServices.swift in Sources */ = {isa = PBXBuildFile; fileRef = 66D57332236AC35A008D9D38 /* ASWebServices.swift */; };
		66D57336236AC35A008D9D38 /* ASResponseModal.swift in Sources */ = {isa = PBXBuildFile; fileRef = 66D57334236AC35A008D9D38 /* ASResponseModal.swift */; };
		66D57339236AC36D008D9D38 /* DateHelper.swift in Sources */ = {isa = PBXBuildFile; fileRef = 66D57338236AC36C008D9D38 /* DateHelper.swift */; };
		66D5733D236AC38D008D9D38 /* ASAttributeStringMaker.swift in Sources */ = {isa = PBXBuildFile; fileRef = 66D5733B236AC38D008D9D38 /* ASAttributeStringMaker.swift */; };
		66D5733E236AC38D008D9D38 /* ASStringExt.swift in Sources */ = {isa = PBXBuildFile; fileRef = 66D5733C236AC38D008D9D38 /* ASStringExt.swift */; };
		66D57341236AC3A4008D9D38 /* ASColors.swift in Sources */ = {isa = PBXBuildFile; fileRef = 66D57340236AC3A4008D9D38 /* ASColors.swift */; };
		66D57344236AC3AC008D9D38 /* ASNavigationExt.swift in Sources */ = {isa = PBXBuildFile; fileRef = 66D57343236AC3AC008D9D38 /* ASNavigationExt.swift */; };
		66D57347236AC3B1008D9D38 /* ASScrollExt.swift in Sources */ = {isa = PBXBuildFile; fileRef = 66D57346236AC3B1008D9D38 /* ASScrollExt.swift */; };
		66D57353236AC3C2008D9D38 /* ASImageView.swift in Sources */ = {isa = PBXBuildFile; fileRef = 66D57348236AC3C2008D9D38 /* ASImageView.swift */; };
		66D57354236AC3C2008D9D38 /* ASFormFieldView.swift in Sources */ = {isa = PBXBuildFile; fileRef = 66D5734A236AC3C2008D9D38 /* ASFormFieldView.swift */; };
		66D57355236AC3C2008D9D38 /* ASFormLogo+ProgressView.swift in Sources */ = {isa = PBXBuildFile; fileRef = 66D5734B236AC3C2008D9D38 /* ASFormLogo+ProgressView.swift */; };
		66D57356236AC3C2008D9D38 /* ASView.swift in Sources */ = {isa = PBXBuildFile; fileRef = 66D5734C236AC3C2008D9D38 /* ASView.swift */; };
		66D57357236AC3C2008D9D38 /* ASBadgeButton.swift in Sources */ = {isa = PBXBuildFile; fileRef = 66D5734E236AC3C2008D9D38 /* ASBadgeButton.swift */; };
		66D57358236AC3C2008D9D38 /* ASButton.swift in Sources */ = {isa = PBXBuildFile; fileRef = 66D5734F236AC3C2008D9D38 /* ASButton.swift */; };
		66D57359236AC3C2008D9D38 /* ASTextField.swift in Sources */ = {isa = PBXBuildFile; fileRef = 66D57351236AC3C2008D9D38 /* ASTextField.swift */; };
		66D5735A236AC3C2008D9D38 /* ASFormTextField.swift in Sources */ = {isa = PBXBuildFile; fileRef = 66D57352236AC3C2008D9D38 /* ASFormTextField.swift */; };
		66D5735D236AC3E7008D9D38 /* Constants.swift in Sources */ = {isa = PBXBuildFile; fileRef = 66D5735C236AC3E7008D9D38 /* Constants.swift */; };
		66D57360236AC3FE008D9D38 /* ASLoader.swift in Sources */ = {isa = PBXBuildFile; fileRef = 66D5735F236AC3FE008D9D38 /* ASLoader.swift */; };
		66D57363236AC418008D9D38 /* LocalizedStrings.swift in Sources */ = {isa = PBXBuildFile; fileRef = 66D57362236AC418008D9D38 /* LocalizedStrings.swift */; };
		70C9F2782988630EC23E6962 /* Pods_SwiftProject.framework in Frameworks */ = {isa = PBXBuildFile; fileRef = 76B01481C5DB6B189B2B6164 /* Pods_SwiftProject.framework */; };
/* End PBXBuildFile section */

/* Begin PBXFileReference section */
		187BDD9134492D1BB2F8C9A0 /* Pods-SwiftProject.debug.xcconfig */ = {isa = PBXFileReference; includeInIndex = 1; lastKnownFileType = text.xcconfig; name = "Pods-SwiftProject.debug.xcconfig"; path = "Pods/Target Support Files/Pods-SwiftProject/Pods-SwiftProject.debug.xcconfig"; sourceTree = "<group>"; };
		1A24CDCF224CD24400F2FF83 /* TestModal.swift */ = {isa = PBXFileReference; lastKnownFileType = sourcecode.swift; path = TestModal.swift; sourceTree = "<group>"; };
		1AA9D2BF224B92D5002D2E02 /* SwiftProject.app */ = {isa = PBXFileReference; explicitFileType = wrapper.application; includeInIndex = 0; path = SwiftProject.app; sourceTree = BUILT_PRODUCTS_DIR; };
		1AA9D2CE224B92E9002D2E02 /* Info.plist */ = {isa = PBXFileReference; lastKnownFileType = text.plist.xml; path = Info.plist; sourceTree = "<group>"; };
		1AA9D2D6224B93CF002D2E02 /* Base */ = {isa = PBXFileReference; lastKnownFileType = file.storyboard; name = Base; path = Base.lproj/LaunchScreen.storyboard; sourceTree = "<group>"; };
		1AA9D2D7224B93CF002D2E02 /* Main.storyboard */ = {isa = PBXFileReference; fileEncoding = 4; lastKnownFileType = file.storyboard; path = Main.storyboard; sourceTree = "<group>"; };
		1AA9D2DA224B93CF002D2E02 /* ASBaseVC.swift */ = {isa = PBXFileReference; fileEncoding = 4; lastKnownFileType = sourcecode.swift; path = ASBaseVC.swift; sourceTree = "<group>"; };
		1AA9D2DD224B93CF002D2E02 /* ViewController.swift */ = {isa = PBXFileReference; fileEncoding = 4; lastKnownFileType = sourcecode.swift; path = ViewController.swift; sourceTree = "<group>"; };
		1AA9D2DF224B93CF002D2E02 /* UserLogin.swift */ = {isa = PBXFileReference; fileEncoding = 4; lastKnownFileType = sourcecode.swift; path = UserLogin.swift; sourceTree = "<group>"; };
		1AA9D2E5224B93CF002D2E02 /* Assets.xcassets */ = {isa = PBXFileReference; lastKnownFileType = folder.assetcatalog; path = Assets.xcassets; sourceTree = "<group>"; };
		1AA9D2E8224B93CF002D2E02 /* CameraImage.swift */ = {isa = PBXFileReference; fileEncoding = 4; lastKnownFileType = sourcecode.swift; path = CameraImage.swift; sourceTree = "<group>"; };
		1AA9D2F1224B93CF002D2E02 /* ASArrayExtensions.swift */ = {isa = PBXFileReference; fileEncoding = 4; lastKnownFileType = sourcecode.swift; path = ASArrayExtensions.swift; sourceTree = "<group>"; };
		1AA9D2F2224B93CF002D2E02 /* ASMiscExtensions.swift */ = {isa = PBXFileReference; fileEncoding = 4; lastKnownFileType = sourcecode.swift; path = ASMiscExtensions.swift; sourceTree = "<group>"; };
		1AA9D2F7224B93CF002D2E02 /* ASFileManager.swift */ = {isa = PBXFileReference; fileEncoding = 4; lastKnownFileType = sourcecode.swift; path = ASFileManager.swift; sourceTree = "<group>"; };
		1AA9D2FB224B93CF002D2E02 /* ASImage.swift */ = {isa = PBXFileReference; fileEncoding = 4; lastKnownFileType = sourcecode.swift; path = ASImage.swift; sourceTree = "<group>"; };
		1AA9D2FD224B93CF002D2E02 /* ASViewExtensions.swift */ = {isa = PBXFileReference; fileEncoding = 4; lastKnownFileType = sourcecode.swift; path = ASViewExtensions.swift; sourceTree = "<group>"; };
		1AA9D306224B93CF002D2E02 /* ASUtility.swift */ = {isa = PBXFileReference; fileEncoding = 4; lastKnownFileType = sourcecode.swift; path = ASUtility.swift; sourceTree = "<group>"; };
		1AA9D307224B93CF002D2E02 /* EnumUtils.swift */ = {isa = PBXFileReference; fileEncoding = 4; lastKnownFileType = sourcecode.swift; path = EnumUtils.swift; sourceTree = "<group>"; };
		1AA9D309224B93CF002D2E02 /* AppDelegate.swift */ = {isa = PBXFileReference; fileEncoding = 4; lastKnownFileType = sourcecode.swift; path = AppDelegate.swift; sourceTree = "<group>"; };
		1AA9D329224B954C002D2E02 /* .swiftlint.yml */ = {isa = PBXFileReference; lastKnownFileType = text; path = .swiftlint.yml; sourceTree = "<group>"; };
		45AABC2EC3CD7560AF5842FE /* Pods-SwiftProject.release.xcconfig */ = {isa = PBXFileReference; includeInIndex = 1; lastKnownFileType = text.xcconfig; name = "Pods-SwiftProject.release.xcconfig"; path = "Pods/Target Support Files/Pods-SwiftProject/Pods-SwiftProject.release.xcconfig"; sourceTree = "<group>"; };
		6672379E23278BCF00FEC6DA /* Colors.swift */ = {isa = PBXFileReference; lastKnownFileType = sourcecode.swift; path = Colors.swift; sourceTree = "<group>"; };
		667237A02327924A00FEC6DA /* Fonts.swift */ = {isa = PBXFileReference; lastKnownFileType = sourcecode.swift; path = Fonts.swift; sourceTree = "<group>"; };
		669DC85C22F46A5000794E0E /* CBGroupChat+Tokbox.swift */ = {isa = PBXFileReference; fileEncoding = 4; lastKnownFileType = sourcecode.swift; path = "CBGroupChat+Tokbox.swift"; sourceTree = "<group>"; };
		669DC85D22F46A5000794E0E /* CBGroupChat+API.swift */ = {isa = PBXFileReference; fileEncoding = 4; lastKnownFileType = sourcecode.swift; path = "CBGroupChat+API.swift"; sourceTree = "<group>"; };
		669DC85E22F46A5000794E0E /* CBGroupChat+TableView.swift */ = {isa = PBXFileReference; fileEncoding = 4; lastKnownFileType = sourcecode.swift; path = "CBGroupChat+TableView.swift"; sourceTree = "<group>"; };
		669DC86022F46A5000794E0E /* CBMessageModal.swift */ = {isa = PBXFileReference; fileEncoding = 4; lastKnownFileType = sourcecode.swift; path = CBMessageModal.swift; sourceTree = "<group>"; };
		669DC86122F46A5000794E0E /* CBGroupChatVC+Helpers.swift */ = {isa = PBXFileReference; fileEncoding = 4; lastKnownFileType = sourcecode.swift; path = "CBGroupChatVC+Helpers.swift"; sourceTree = "<group>"; };
		669DC86222F46A5000794E0E /* CBGroupChatVC.swift */ = {isa = PBXFileReference; fileEncoding = 4; lastKnownFileType = sourcecode.swift; path = CBGroupChatVC.swift; sourceTree = "<group>"; };
		669DC86422F46A5000794E0E /* ASChatImageCell.swift */ = {isa = PBXFileReference; fileEncoding = 4; lastKnownFileType = sourcecode.swift; path = ASChatImageCell.swift; sourceTree = "<group>"; };
		669DC86522F46A5000794E0E /* ASChatImageCell.xib */ = {isa = PBXFileReference; fileEncoding = 4; lastKnownFileType = file.xib; path = ASChatImageCell.xib; sourceTree = "<group>"; };
		669DC86622F46A5000794E0E /* ASChatImageCollectionCell.swift */ = {isa = PBXFileReference; fileEncoding = 4; lastKnownFileType = sourcecode.swift; path = ASChatImageCollectionCell.swift; sourceTree = "<group>"; };
		669DC86722F46A5000794E0E /* ASChatEventCell.xib */ = {isa = PBXFileReference; fileEncoding = 4; lastKnownFileType = file.xib; path = ASChatEventCell.xib; sourceTree = "<group>"; };
		669DC86822F46A5000794E0E /* ASChatCell.swift */ = {isa = PBXFileReference; fileEncoding = 4; lastKnownFileType = sourcecode.swift; path = ASChatCell.swift; sourceTree = "<group>"; };
		669DC86922F46A5000794E0E /* ASChatEventCell.swift */ = {isa = PBXFileReference; fileEncoding = 4; lastKnownFileType = sourcecode.swift; path = ASChatEventCell.swift; sourceTree = "<group>"; };
		669DC86A22F46A5000794E0E /* ASChatCell.xib */ = {isa = PBXFileReference; fileEncoding = 4; lastKnownFileType = file.xib; path = ASChatCell.xib; sourceTree = "<group>"; };
		669DC86B22F46A5000794E0E /* ASChatImageCollectionCell.xib */ = {isa = PBXFileReference; fileEncoding = 4; lastKnownFileType = file.xib; path = ASChatImageCollectionCell.xib; sourceTree = "<group>"; };
		669DC87C22F46D6B00794E0E /* Group.storyboard */ = {isa = PBXFileReference; fileEncoding = 4; lastKnownFileType = file.storyboard; path = Group.storyboard; sourceTree = "<group>"; };
		669DC87F22F46DBB00794E0E /* CBMessageListVC.swift */ = {isa = PBXFileReference; fileEncoding = 4; lastKnownFileType = sourcecode.swift; path = CBMessageListVC.swift; sourceTree = "<group>"; };
		669DC88022F46DBB00794E0E /* CBSelectUserVC+SelectedUsers.swift */ = {isa = PBXFileReference; fileEncoding = 4; lastKnownFileType = sourcecode.swift; path = "CBSelectUserVC+SelectedUsers.swift"; sourceTree = "<group>"; };
		669DC88122F46DBB00794E0E /* CBGroupDetailVC.swift */ = {isa = PBXFileReference; fileEncoding = 4; lastKnownFileType = sourcecode.swift; path = CBGroupDetailVC.swift; sourceTree = "<group>"; };
		669DC88222F46DBB00794E0E /* CBSelectUserVC.swift */ = {isa = PBXFileReference; fileEncoding = 4; lastKnownFileType = sourcecode.swift; path = CBSelectUserVC.swift; sourceTree = "<group>"; };
		669DC88722F46E9800794E0E /* SelectedCell.swift */ = {isa = PBXFileReference; fileEncoding = 4; lastKnownFileType = sourcecode.swift; path = SelectedCell.swift; sourceTree = "<group>"; };
		669DC88822F46E9800794E0E /* CBSelectedUserView.swift */ = {isa = PBXFileReference; fileEncoding = 4; lastKnownFileType = sourcecode.swift; path = CBSelectedUserView.swift; sourceTree = "<group>"; };
		669DC88922F46E9800794E0E /* CBSelectedUserView.xib */ = {isa = PBXFileReference; fileEncoding = 4; lastKnownFileType = file.xib; path = CBSelectedUserView.xib; sourceTree = "<group>"; };
		669DC88D22F4709300794E0E /* Chat.storyboard */ = {isa = PBXFileReference; fileEncoding = 4; lastKnownFileType = file.storyboard; path = Chat.storyboard; sourceTree = "<group>"; };
		669DC89022F4772000794E0E /* ASS3Upload.swift */ = {isa = PBXFileReference; fileEncoding = 4; lastKnownFileType = sourcecode.swift; path = ASS3Upload.swift; sourceTree = "<group>"; };
		669DC89122F4772000794E0E /* AWSModal.swift */ = {isa = PBXFileReference; fileEncoding = 4; lastKnownFileType = sourcecode.swift; path = AWSModal.swift; sourceTree = "<group>"; };
		66D57325236AC2ED008D9D38 /* AppDelegate+Helpers.swift */ = {isa = PBXFileReference; fileEncoding = 4; lastKnownFileType = sourcecode.swift; path = "AppDelegate+Helpers.swift"; sourceTree = "<group>"; };
		66D57328236AC31F008D9D38 /* Singleton.swift */ = {isa = PBXFileReference; fileEncoding = 4; lastKnownFileType = sourcecode.swift; path = Singleton.swift; sourceTree = "<group>"; };
		66D5732A236AC31F008D9D38 /* ASDataModal.swift */ = {isa = PBXFileReference; fileEncoding = 4; lastKnownFileType = sourcecode.swift; path = ASDataModal.swift; sourceTree = "<group>"; };
		66D5732D236AC31F008D9D38 /* RepeatingTimer.swift */ = {isa = PBXFileReference; fileEncoding = 4; lastKnownFileType = sourcecode.swift; path = RepeatingTimer.swift; sourceTree = "<group>"; };
		66D57332236AC35A008D9D38 /* ASWebServices.swift */ = {isa = PBXFileReference; fileEncoding = 4; lastKnownFileType = sourcecode.swift; path = ASWebServices.swift; sourceTree = "<group>"; };
		66D57334236AC35A008D9D38 /* ASResponseModal.swift */ = {isa = PBXFileReference; fileEncoding = 4; lastKnownFileType = sourcecode.swift; path = ASResponseModal.swift; sourceTree = "<group>"; };
		66D57338236AC36C008D9D38 /* DateHelper.swift */ = {isa = PBXFileReference; fileEncoding = 4; lastKnownFileType = sourcecode.swift; path = DateHelper.swift; sourceTree = "<group>"; };
		66D5733B236AC38D008D9D38 /* ASAttributeStringMaker.swift */ = {isa = PBXFileReference; fileEncoding = 4; lastKnownFileType = sourcecode.swift; path = ASAttributeStringMaker.swift; sourceTree = "<group>"; };
		66D5733C236AC38D008D9D38 /* ASStringExt.swift */ = {isa = PBXFileReference; fileEncoding = 4; lastKnownFileType = sourcecode.swift; path = ASStringExt.swift; sourceTree = "<group>"; };
		66D57340236AC3A4008D9D38 /* ASColors.swift */ = {isa = PBXFileReference; fileEncoding = 4; lastKnownFileType = sourcecode.swift; path = ASColors.swift; sourceTree = "<group>"; };
		66D57343236AC3AC008D9D38 /* ASNavigationExt.swift */ = {isa = PBXFileReference; fileEncoding = 4; lastKnownFileType = sourcecode.swift; path = ASNavigationExt.swift; sourceTree = "<group>"; };
		66D57346236AC3B1008D9D38 /* ASScrollExt.swift */ = {isa = PBXFileReference; fileEncoding = 4; lastKnownFileType = sourcecode.swift; path = ASScrollExt.swift; sourceTree = "<group>"; };
		66D57348236AC3C2008D9D38 /* ASImageView.swift */ = {isa = PBXFileReference; fileEncoding = 4; lastKnownFileType = sourcecode.swift; path = ASImageView.swift; sourceTree = "<group>"; };
		66D5734A236AC3C2008D9D38 /* ASFormFieldView.swift */ = {isa = PBXFileReference; fileEncoding = 4; lastKnownFileType = sourcecode.swift; path = ASFormFieldView.swift; sourceTree = "<group>"; };
		66D5734B236AC3C2008D9D38 /* ASFormLogo+ProgressView.swift */ = {isa = PBXFileReference; fileEncoding = 4; lastKnownFileType = sourcecode.swift; path = "ASFormLogo+ProgressView.swift"; sourceTree = "<group>"; };
		66D5734C236AC3C2008D9D38 /* ASView.swift */ = {isa = PBXFileReference; fileEncoding = 4; lastKnownFileType = sourcecode.swift; path = ASView.swift; sourceTree = "<group>"; };
		66D5734E236AC3C2008D9D38 /* ASBadgeButton.swift */ = {isa = PBXFileReference; fileEncoding = 4; lastKnownFileType = sourcecode.swift; path = ASBadgeButton.swift; sourceTree = "<group>"; };
		66D5734F236AC3C2008D9D38 /* ASButton.swift */ = {isa = PBXFileReference; fileEncoding = 4; lastKnownFileType = sourcecode.swift; path = ASButton.swift; sourceTree = "<group>"; };
		66D57351236AC3C2008D9D38 /* ASTextField.swift */ = {isa = PBXFileReference; fileEncoding = 4; lastKnownFileType = sourcecode.swift; path = ASTextField.swift; sourceTree = "<group>"; };
		66D57352236AC3C2008D9D38 /* ASFormTextField.swift */ = {isa = PBXFileReference; fileEncoding = 4; lastKnownFileType = sourcecode.swift; path = ASFormTextField.swift; sourceTree = "<group>"; };
		66D5735C236AC3E7008D9D38 /* Constants.swift */ = {isa = PBXFileReference; fileEncoding = 4; lastKnownFileType = sourcecode.swift; path = Constants.swift; sourceTree = "<group>"; };
		66D5735F236AC3FE008D9D38 /* ASLoader.swift */ = {isa = PBXFileReference; fileEncoding = 4; lastKnownFileType = sourcecode.swift; path = ASLoader.swift; sourceTree = "<group>"; };
		66D57362236AC418008D9D38 /* LocalizedStrings.swift */ = {isa = PBXFileReference; fileEncoding = 4; lastKnownFileType = sourcecode.swift; path = LocalizedStrings.swift; sourceTree = "<group>"; };
		76B01481C5DB6B189B2B6164 /* Pods_SwiftProject.framework */ = {isa = PBXFileReference; explicitFileType = wrapper.framework; includeInIndex = 0; path = Pods_SwiftProject.framework; sourceTree = BUILT_PRODUCTS_DIR; };
/* End PBXFileReference section */

/* Begin PBXFrameworksBuildPhase section */
		1AA9D2BC224B92D5002D2E02 /* Frameworks */ = {
			isa = PBXFrameworksBuildPhase;
			buildActionMask = 2147483647;
			files = (
				70C9F2782988630EC23E6962 /* Pods_SwiftProject.framework in Frameworks */,
			);
			runOnlyForDeploymentPostprocessing = 0;
		};
/* End PBXFrameworksBuildPhase section */

/* Begin PBXGroup section */
		1AA9D2B6224B92D5002D2E02 = {
			isa = PBXGroup;
			children = (
				1AA9D329224B954C002D2E02 /* .swiftlint.yml */,
				1AA9D2C1224B92D5002D2E02 /* SwiftProject */,
				1AA9D2C0224B92D5002D2E02 /* Products */,
				606A31399365F5C018E2C687 /* Pods */,
				1F1201E0F8D8BF3ED88B2461 /* Frameworks */,
			);
			sourceTree = "<group>";
		};
		1AA9D2C0224B92D5002D2E02 /* Products */ = {
			isa = PBXGroup;
			children = (
				1AA9D2BF224B92D5002D2E02 /* SwiftProject.app */,
			);
			name = Products;
			sourceTree = "<group>";
		};
		1AA9D2C1224B92D5002D2E02 /* SwiftProject */ = {
			isa = PBXGroup;
			children = (
				66D5735B236AC3E7008D9D38 /* Constants */,
				6672379D23278B9800FEC6DA /* Themes */,
				1AA9D308224B93CF002D2E02 /* Application */,
				1AA9D2E1224B93CF002D2E02 /* AppModel */,
				1AA9D2EB224B93CF002D2E02 /* Common */,
				1AA9D2D8224B93CF002D2E02 /* Modules */,
				1AA9D2E4224B93CF002D2E02 /* Resources */,
				1AA9D2D4224B93CF002D2E02 /* Storyboards */,
				1AA9D2CE224B92E9002D2E02 /* Info.plist */,
			);
			path = SwiftProject;
			sourceTree = "<group>";
		};
		1AA9D2D4224B93CF002D2E02 /* Storyboards */ = {
			isa = PBXGroup;
			children = (
				1AA9D2D5224B93CF002D2E02 /* LaunchScreen.storyboard */,
				1AA9D2D7224B93CF002D2E02 /* Main.storyboard */,
			);
			path = Storyboards;
			sourceTree = "<group>";
		};
		1AA9D2D8224B93CF002D2E02 /* Modules */ = {
			isa = PBXGroup;
			children = (
				1AA9D2D9224B93CF002D2E02 /* BaseVC */,
				1AA9D2DB224B93CF002D2E02 /* SignIn_Up */,
				669DC85B22F46A5000794E0E /* Chat */,
				669DC87A22F46D6B00794E0E /* Group */,
				669DC88F22F4772000794E0E /* AWS */,
			);
			path = Modules;
			sourceTree = "<group>";
		};
		1AA9D2D9224B93CF002D2E02 /* BaseVC */ = {
			isa = PBXGroup;
			children = (
				1AA9D2DA224B93CF002D2E02 /* ASBaseVC.swift */,
			);
			path = BaseVC;
			sourceTree = "<group>";
		};
		1AA9D2DB224B93CF002D2E02 /* SignIn_Up */ = {
			isa = PBXGroup;
			children = (
				1AA9D2DC224B93CF002D2E02 /* Controller */,
				1AA9D2DE224B93CF002D2E02 /* Modal */,
				1AA9D2E0224B93CF002D2E02 /* View */,
			);
			path = SignIn_Up;
			sourceTree = "<group>";
		};
		1AA9D2DC224B93CF002D2E02 /* Controller */ = {
			isa = PBXGroup;
			children = (
				1AA9D2DD224B93CF002D2E02 /* ViewController.swift */,
			);
			path = Controller;
			sourceTree = "<group>";
		};
		1AA9D2DE224B93CF002D2E02 /* Modal */ = {
			isa = PBXGroup;
			children = (
				1AA9D2DF224B93CF002D2E02 /* UserLogin.swift */,
				1A24CDCF224CD24400F2FF83 /* TestModal.swift */,
			);
			path = Modal;
			sourceTree = "<group>";
		};
		1AA9D2E0224B93CF002D2E02 /* View */ = {
			isa = PBXGroup;
			children = (
			);
			path = View;
			sourceTree = "<group>";
		};
		1AA9D2E1224B93CF002D2E02 /* AppModel */ = {
			isa = PBXGroup;
			children = (
				66D5732C236AC31F008D9D38 /* ASTimer */,
				66D57329236AC31F008D9D38 /* MiddleWare */,
				66D57327236AC31F008D9D38 /* Singleton */,
				66D5732B236AC31F008D9D38 /* Storage */,
			);
			path = AppModel;
			sourceTree = "<group>";
		};
		1AA9D2E4224B93CF002D2E02 /* Resources */ = {
			isa = PBXGroup;
			children = (
				1AA9D2E5224B93CF002D2E02 /* Assets.xcassets */,
				1AA9D2E6224B93CF002D2E02 /* Libraries */,
				66D57361236AC418008D9D38 /* Localization */,
			);
			path = Resources;
			sourceTree = "<group>";
		};
		1AA9D2E6224B93CF002D2E02 /* Libraries */ = {
			isa = PBXGroup;
			children = (
				66D5735E236AC3FE008D9D38 /* Loader */,
				1AA9D2E7224B93CF002D2E02 /* ImagePicker */,
			);
			path = Libraries;
			sourceTree = "<group>";
		};
		1AA9D2E7224B93CF002D2E02 /* ImagePicker */ = {
			isa = PBXGroup;
			children = (
				1AA9D2E8224B93CF002D2E02 /* CameraImage.swift */,
			);
			path = ImagePicker;
			sourceTree = "<group>";
		};
		1AA9D2EB224B93CF002D2E02 /* Common */ = {
			isa = PBXGroup;
			children = (
				1AA9D2EC224B93CF002D2E02 /* API */,
				1AA9D2EF224B93CF002D2E02 /* Extensions */,
				1AA9D300224B93CF002D2E02 /* SubClasses */,
				1AA9D305224B93CF002D2E02 /* Utilities */,
			);
			path = Common;
			sourceTree = "<group>";
		};
		1AA9D2EC224B93CF002D2E02 /* API */ = {
			isa = PBXGroup;
			children = (
				66D57331236AC35A008D9D38 /* APIBase */,
				66D57333236AC35A008D9D38 /* APIResponseModal */,
			);
			path = API;
			sourceTree = "<group>";
		};
		1AA9D2EF224B93CF002D2E02 /* Extensions */ = {
			isa = PBXGroup;
			children = (
				66D57345236AC3B1008D9D38 /* UIScrollView */,
				66D57342236AC3AC008D9D38 /* UINavigation */,
				66D5733F236AC3A4008D9D38 /* UIColor */,
				66D5733A236AC38D008D9D38 /* String */,
				66D57337236AC36C008D9D38 /* DateTime */,
				1AA9D2F0224B93CF002D2E02 /* Array */,
				1AA9D2F2224B93CF002D2E02 /* ASMiscExtensions.swift */,
				1AA9D2F6224B93CF002D2E02 /* FileManager */,
				1AA9D2FA224B93CF002D2E02 /* UIImage */,
				1AA9D2FC224B93CF002D2E02 /* UIView */,
			);
			path = Extensions;
			sourceTree = "<group>";
		};
		1AA9D2F0224B93CF002D2E02 /* Array */ = {
			isa = PBXGroup;
			children = (
				1AA9D2F1224B93CF002D2E02 /* ASArrayExtensions.swift */,
			);
			path = Array;
			sourceTree = "<group>";
		};
		1AA9D2F6224B93CF002D2E02 /* FileManager */ = {
			isa = PBXGroup;
			children = (
				1AA9D2F7224B93CF002D2E02 /* ASFileManager.swift */,
			);
			path = FileManager;
			sourceTree = "<group>";
		};
		1AA9D2FA224B93CF002D2E02 /* UIImage */ = {
			isa = PBXGroup;
			children = (
				1AA9D2FB224B93CF002D2E02 /* ASImage.swift */,
			);
			path = UIImage;
			sourceTree = "<group>";
		};
		1AA9D2FC224B93CF002D2E02 /* UIView */ = {
			isa = PBXGroup;
			children = (
				1AA9D2FD224B93CF002D2E02 /* ASViewExtensions.swift */,
			);
			path = UIView;
			sourceTree = "<group>";
		};
		1AA9D300224B93CF002D2E02 /* SubClasses */ = {
			isa = PBXGroup;
			children = (
				66D57348236AC3C2008D9D38 /* ASImageView.swift */,
				66D5734D236AC3C2008D9D38 /* Buttons */,
				66D57350236AC3C2008D9D38 /* TextFields */,
				66D57349236AC3C2008D9D38 /* Views */,
			);
			path = SubClasses;
			sourceTree = "<group>";
		};
		1AA9D305224B93CF002D2E02 /* Utilities */ = {
			isa = PBXGroup;
			children = (
				1AA9D306224B93CF002D2E02 /* ASUtility.swift */,
				1AA9D307224B93CF002D2E02 /* EnumUtils.swift */,
			);
			path = Utilities;
			sourceTree = "<group>";
		};
		1AA9D308224B93CF002D2E02 /* Application */ = {
			isa = PBXGroup;
			children = (
				1AA9D309224B93CF002D2E02 /* AppDelegate.swift */,
				66D57325236AC2ED008D9D38 /* AppDelegate+Helpers.swift */,
			);
			path = Application;
			sourceTree = "<group>";
		};
		1F1201E0F8D8BF3ED88B2461 /* Frameworks */ = {
			isa = PBXGroup;
			children = (
				76B01481C5DB6B189B2B6164 /* Pods_SwiftProject.framework */,
			);
			name = Frameworks;
			sourceTree = "<group>";
		};
		606A31399365F5C018E2C687 /* Pods */ = {
			isa = PBXGroup;
			children = (
				187BDD9134492D1BB2F8C9A0 /* Pods-SwiftProject.debug.xcconfig */,
				45AABC2EC3CD7560AF5842FE /* Pods-SwiftProject.release.xcconfig */,
			);
			name = Pods;
			sourceTree = "<group>";
		};
		6672379D23278B9800FEC6DA /* Themes */ = {
			isa = PBXGroup;
			children = (
				6672379E23278BCF00FEC6DA /* Colors.swift */,
				667237A02327924A00FEC6DA /* Fonts.swift */,
			);
			path = Themes;
			sourceTree = "<group>";
		};
		669DC85B22F46A5000794E0E /* Chat */ = {
			isa = PBXGroup;
			children = (
				669DC85F22F46A5000794E0E /* Modals */,
				669DC86322F46A5000794E0E /* Views */,
				669DC86222F46A5000794E0E /* CBGroupChatVC.swift */,
				669DC85C22F46A5000794E0E /* CBGroupChat+Tokbox.swift */,
				669DC85D22F46A5000794E0E /* CBGroupChat+API.swift */,
				669DC85E22F46A5000794E0E /* CBGroupChat+TableView.swift */,
				669DC86122F46A5000794E0E /* CBGroupChatVC+Helpers.swift */,
			);
			path = Chat;
			sourceTree = "<group>";
		};
		669DC85F22F46A5000794E0E /* Modals */ = {
			isa = PBXGroup;
			children = (
				669DC86022F46A5000794E0E /* CBMessageModal.swift */,
			);
			path = Modals;
			sourceTree = "<group>";
		};
		669DC86322F46A5000794E0E /* Views */ = {
			isa = PBXGroup;
			children = (
				669DC88D22F4709300794E0E /* Chat.storyboard */,
				669DC86422F46A5000794E0E /* ASChatImageCell.swift */,
				669DC86522F46A5000794E0E /* ASChatImageCell.xib */,
				669DC86622F46A5000794E0E /* ASChatImageCollectionCell.swift */,
				669DC86722F46A5000794E0E /* ASChatEventCell.xib */,
				669DC86822F46A5000794E0E /* ASChatCell.swift */,
				669DC86922F46A5000794E0E /* ASChatEventCell.swift */,
				669DC86A22F46A5000794E0E /* ASChatCell.xib */,
				669DC86B22F46A5000794E0E /* ASChatImageCollectionCell.xib */,
			);
			path = Views;
			sourceTree = "<group>";
		};
		669DC87A22F46D6B00794E0E /* Group */ = {
			isa = PBXGroup;
			children = (
				669DC87E22F46DBB00794E0E /* Controller */,
				669DC87B22F46D6B00794E0E /* Views */,
			);
			path = Group;
			sourceTree = "<group>";
		};
		669DC87B22F46D6B00794E0E /* Views */ = {
			isa = PBXGroup;
			children = (
				669DC88822F46E9800794E0E /* CBSelectedUserView.swift */,
				669DC88922F46E9800794E0E /* CBSelectedUserView.xib */,
				669DC88722F46E9800794E0E /* SelectedCell.swift */,
				669DC87C22F46D6B00794E0E /* Group.storyboard */,
			);
			path = Views;
			sourceTree = "<group>";
		};
		669DC87E22F46DBB00794E0E /* Controller */ = {
			isa = PBXGroup;
			children = (
				669DC87F22F46DBB00794E0E /* CBMessageListVC.swift */,
				669DC88022F46DBB00794E0E /* CBSelectUserVC+SelectedUsers.swift */,
				669DC88122F46DBB00794E0E /* CBGroupDetailVC.swift */,
				669DC88222F46DBB00794E0E /* CBSelectUserVC.swift */,
			);
			path = Controller;
			sourceTree = "<group>";
		};
		669DC88F22F4772000794E0E /* AWS */ = {
			isa = PBXGroup;
			children = (
				669DC89022F4772000794E0E /* ASS3Upload.swift */,
				669DC89122F4772000794E0E /* AWSModal.swift */,
			);
			path = AWS;
			sourceTree = "<group>";
		};
		66D57327236AC31F008D9D38 /* Singleton */ = {
			isa = PBXGroup;
			children = (
				66D57328236AC31F008D9D38 /* Singleton.swift */,
			);
			path = Singleton;
			sourceTree = "<group>";
		};
		66D57329236AC31F008D9D38 /* MiddleWare */ = {
			isa = PBXGroup;
			children = (
				66D5732A236AC31F008D9D38 /* ASDataModal.swift */,
			);
			path = MiddleWare;
			sourceTree = "<group>";
		};
		66D5732B236AC31F008D9D38 /* Storage */ = {
			isa = PBXGroup;
			children = (
			);
			path = Storage;
			sourceTree = "<group>";
		};
		66D5732C236AC31F008D9D38 /* ASTimer */ = {
			isa = PBXGroup;
			children = (
				66D5732D236AC31F008D9D38 /* RepeatingTimer.swift */,
			);
			path = ASTimer;
			sourceTree = "<group>";
		};
		66D57331236AC35A008D9D38 /* APIBase */ = {
			isa = PBXGroup;
			children = (
				66D57332236AC35A008D9D38 /* ASWebServices.swift */,
			);
			path = APIBase;
			sourceTree = "<group>";
		};
		66D57333236AC35A008D9D38 /* APIResponseModal */ = {
			isa = PBXGroup;
			children = (
				66D57334236AC35A008D9D38 /* ASResponseModal.swift */,
			);
			path = APIResponseModal;
			sourceTree = "<group>";
		};
		66D57337236AC36C008D9D38 /* DateTime */ = {
			isa = PBXGroup;
			children = (
				66D57338236AC36C008D9D38 /* DateHelper.swift */,
			);
			path = DateTime;
			sourceTree = "<group>";
		};
		66D5733A236AC38D008D9D38 /* String */ = {
			isa = PBXGroup;
			children = (
				66D5733B236AC38D008D9D38 /* ASAttributeStringMaker.swift */,
				66D5733C236AC38D008D9D38 /* ASStringExt.swift */,
			);
			path = String;
			sourceTree = "<group>";
		};
		66D5733F236AC3A4008D9D38 /* UIColor */ = {
			isa = PBXGroup;
			children = (
				66D57340236AC3A4008D9D38 /* ASColors.swift */,
			);
			path = UIColor;
			sourceTree = "<group>";
		};
		66D57342236AC3AC008D9D38 /* UINavigation */ = {
			isa = PBXGroup;
			children = (
				66D57343236AC3AC008D9D38 /* ASNavigationExt.swift */,
			);
			path = UINavigation;
			sourceTree = "<group>";
		};
		66D57345236AC3B1008D9D38 /* UIScrollView */ = {
			isa = PBXGroup;
			children = (
				66D57346236AC3B1008D9D38 /* ASScrollExt.swift */,
			);
			path = UIScrollView;
			sourceTree = "<group>";
		};
		66D57349236AC3C2008D9D38 /* Views */ = {
			isa = PBXGroup;
			children = (
				66D5734A236AC3C2008D9D38 /* ASFormFieldView.swift */,
				66D5734B236AC3C2008D9D38 /* ASFormLogo+ProgressView.swift */,
				66D5734C236AC3C2008D9D38 /* ASView.swift */,
			);
			path = Views;
			sourceTree = "<group>";
		};
		66D5734D236AC3C2008D9D38 /* Buttons */ = {
			isa = PBXGroup;
			children = (
				66D5734E236AC3C2008D9D38 /* ASBadgeButton.swift */,
				66D5734F236AC3C2008D9D38 /* ASButton.swift */,
			);
			path = Buttons;
			sourceTree = "<group>";
		};
		66D57350236AC3C2008D9D38 /* TextFields */ = {
			isa = PBXGroup;
			children = (
				66D57351236AC3C2008D9D38 /* ASTextField.swift */,
				66D57352236AC3C2008D9D38 /* ASFormTextField.swift */,
			);
			path = TextFields;
			sourceTree = "<group>";
		};
		66D5735B236AC3E7008D9D38 /* Constants */ = {
			isa = PBXGroup;
			children = (
				66D5735C236AC3E7008D9D38 /* Constants.swift */,
			);
			path = Constants;
			sourceTree = "<group>";
		};
		66D5735E236AC3FE008D9D38 /* Loader */ = {
			isa = PBXGroup;
			children = (
				66D5735F236AC3FE008D9D38 /* ASLoader.swift */,
			);
			path = Loader;
			sourceTree = "<group>";
		};
		66D57361236AC418008D9D38 /* Localization */ = {
			isa = PBXGroup;
			children = (
				66D57362236AC418008D9D38 /* LocalizedStrings.swift */,
			);
			path = Localization;
			sourceTree = "<group>";
		};
/* End PBXGroup section */

/* Begin PBXNativeTarget section */
		1AA9D2BE224B92D5002D2E02 /* SwiftProject */ = {
			isa = PBXNativeTarget;
			buildConfigurationList = 1AA9D2D1224B92E9002D2E02 /* Build configuration list for PBXNativeTarget "SwiftProject" */;
			buildPhases = (
				E967672B92551F1D26875278 /* [CP] Check Pods Manifest.lock */,
				1AA9D2BB224B92D5002D2E02 /* Sources */,
				1AA9D2BC224B92D5002D2E02 /* Frameworks */,
				1AA9D2BD224B92D5002D2E02 /* Resources */,
				40A3414A7E65DB4EE020ACEB /* [CP] Embed Pods Frameworks */,
				1A5B9FE4225E21700077B0FE /* ShellScript */,
			);
			buildRules = (
			);
			dependencies = (
			);
			name = SwiftProject;
			productName = SwiftProject;
			productReference = 1AA9D2BF224B92D5002D2E02 /* SwiftProject.app */;
			productType = "com.apple.product-type.application";
		};
/* End PBXNativeTarget section */

/* Begin PBXProject section */
		1AA9D2B7224B92D5002D2E02 /* Project object */ = {
			isa = PBXProject;
			attributes = {
				LastSwiftUpdateCheck = 1010;
				LastUpgradeCheck = 1010;
				ORGANIZATIONNAME = "Ankit Saini";
				TargetAttributes = {
					1AA9D2BE224B92D5002D2E02 = {
						CreatedOnToolsVersion = 10.1;
					};
				};
			};
			buildConfigurationList = 1AA9D2BA224B92D5002D2E02 /* Build configuration list for PBXProject "SwiftProject" */;
			compatibilityVersion = "Xcode 9.3";
			developmentRegion = en;
			hasScannedForEncodings = 0;
			knownRegions = (
				en,
				Base,
			);
			mainGroup = 1AA9D2B6224B92D5002D2E02;
			productRefGroup = 1AA9D2C0224B92D5002D2E02 /* Products */;
			projectDirPath = "";
			projectRoot = "";
			targets = (
				1AA9D2BE224B92D5002D2E02 /* SwiftProject */,
			);
		};
/* End PBXProject section */

/* Begin PBXResourcesBuildPhase section */
		1AA9D2BD224B92D5002D2E02 /* Resources */ = {
			isa = PBXResourcesBuildPhase;
			buildActionMask = 2147483647;
			files = (
				1AA9D32A224B954C002D2E02 /* .swiftlint.yml in Resources */,
				669DC88E22F4709300794E0E /* Chat.storyboard in Resources */,
				669DC87922F46A5000794E0E /* ASChatImageCollectionCell.xib in Resources */,
				1AA9D30D224B93CF002D2E02 /* Main.storyboard in Resources */,
				669DC88C22F46E9800794E0E /* CBSelectedUserView.xib in Resources */,
				669DC87522F46A5000794E0E /* ASChatEventCell.xib in Resources */,
				669DC87322F46A5000794E0E /* ASChatImageCell.xib in Resources */,
				669DC87822F46A5000794E0E /* ASChatCell.xib in Resources */,
				669DC87D22F46D6C00794E0E /* Group.storyboard in Resources */,
				1AA9D30C224B93CF002D2E02 /* LaunchScreen.storyboard in Resources */,
				1AA9D313224B93CF002D2E02 /* Assets.xcassets in Resources */,
			);
			runOnlyForDeploymentPostprocessing = 0;
		};
/* End PBXResourcesBuildPhase section */

/* Begin PBXShellScriptBuildPhase section */
		1A5B9FE4225E21700077B0FE /* ShellScript */ = {
			isa = PBXShellScriptBuildPhase;
			buildActionMask = 2147483647;
			files = (
			);
			inputFileListPaths = (
			);
			inputPaths = (
			);
			outputFileListPaths = (
			);
			outputPaths = (
			);
			runOnlyForDeploymentPostprocessing = 0;
			shellPath = /bin/sh;
			shellScript = "# Type a script or drag a script file from your workspace to insert its path.\n\"${PODS_ROOT}/SwiftLint/swiftlint\"\n";
		};
		40A3414A7E65DB4EE020ACEB /* [CP] Embed Pods Frameworks */ = {
			isa = PBXShellScriptBuildPhase;
			buildActionMask = 2147483647;
			files = (
			);
			inputFileListPaths = (
				"${PODS_ROOT}/Target Support Files/Pods-SwiftProject/Pods-SwiftProject-frameworks-${CONFIGURATION}-input-files.xcfilelist",
			);
			name = "[CP] Embed Pods Frameworks";
			outputFileListPaths = (
				"${PODS_ROOT}/Target Support Files/Pods-SwiftProject/Pods-SwiftProject-frameworks-${CONFIGURATION}-output-files.xcfilelist",
			);
			runOnlyForDeploymentPostprocessing = 0;
			shellPath = /bin/sh;
			shellScript = "\"${PODS_ROOT}/Target Support Files/Pods-SwiftProject/Pods-SwiftProject-frameworks.sh\"\n";
			showEnvVarsInLog = 0;
		};
		E967672B92551F1D26875278 /* [CP] Check Pods Manifest.lock */ = {
			isa = PBXShellScriptBuildPhase;
			buildActionMask = 2147483647;
			files = (
			);
			inputPaths = (
				"${PODS_PODFILE_DIR_PATH}/Podfile.lock",
				"${PODS_ROOT}/Manifest.lock",
			);
			name = "[CP] Check Pods Manifest.lock";
			outputPaths = (
				"$(DERIVED_FILE_DIR)/Pods-SwiftProject-checkManifestLockResult.txt",
			);
			runOnlyForDeploymentPostprocessing = 0;
			shellPath = /bin/sh;
			shellScript = "diff \"${PODS_PODFILE_DIR_PATH}/Podfile.lock\" \"${PODS_ROOT}/Manifest.lock\" > /dev/null\nif [ $? != 0 ] ; then\n    # print error to STDERR\n    echo \"error: The sandbox is not in sync with the Podfile.lock. Run 'pod install' or update your CocoaPods installation.\" >&2\n    exit 1\nfi\n# This output is used by Xcode 'outputs' to avoid re-running this script phase.\necho \"SUCCESS\" > \"${SCRIPT_OUTPUT_FILE_0}\"\n";
			showEnvVarsInLog = 0;
		};
/* End PBXShellScriptBuildPhase section */

/* Begin PBXSourcesBuildPhase section */
		1AA9D2BB224B92D5002D2E02 /* Sources */ = {
			isa = PBXSourcesBuildPhase;
			buildActionMask = 2147483647;
			files = (
				1AA9D314224B93CF002D2E02 /* CameraImage.swift in Sources */,
				1AA9D30E224B93CF002D2E02 /* ASBaseVC.swift in Sources */,
				1AA9D324224B93CF002D2E02 /* ASUtility.swift in Sources */,
				66D5732F236AC31F008D9D38 /* ASDataModal.swift in Sources */,
				1AA9D310224B93CF002D2E02 /* UserLogin.swift in Sources */,
				66D57357236AC3C2008D9D38 /* ASBadgeButton.swift in Sources */,
				66D57336236AC35A008D9D38 /* ASResponseModal.swift in Sources */,
				669DC87222F46A5000794E0E /* ASChatImageCell.swift in Sources */,
				669DC88522F46DBB00794E0E /* CBGroupDetailVC.swift in Sources */,
				669DC88B22F46E9800794E0E /* CBSelectedUserView.swift in Sources */,
				66D5735A236AC3C2008D9D38 /* ASFormTextField.swift in Sources */,
				1AA9D326224B93CF002D2E02 /* AppDelegate.swift in Sources */,
				66D5732E236AC31F008D9D38 /* Singleton.swift in Sources */,
				1AA9D318224B93CF002D2E02 /* ASMiscExtensions.swift in Sources */,
				6672379F23278BCF00FEC6DA /* Colors.swift in Sources */,
				1AA9D30F224B93CF002D2E02 /* ViewController.swift in Sources */,
				669DC87722F46A5000794E0E /* ASChatEventCell.swift in Sources */,
				669DC87122F46A5000794E0E /* CBGroupChatVC.swift in Sources */,
				66D57363236AC418008D9D38 /* LocalizedStrings.swift in Sources */,
				1AA9D31E224B93CF002D2E02 /* ASViewExtensions.swift in Sources */,
				1AA9D31B224B93CF002D2E02 /* ASFileManager.swift in Sources */,
				66D57353236AC3C2008D9D38 /* ASImageView.swift in Sources */,
				669DC89322F4772000794E0E /* AWSModal.swift in Sources */,
				669DC89222F4772000794E0E /* ASS3Upload.swift in Sources */,
				669DC88422F46DBB00794E0E /* CBSelectUserVC+SelectedUsers.swift in Sources */,
				667237A12327924A00FEC6DA /* Fonts.swift in Sources */,
				669DC86D22F46A5000794E0E /* CBGroupChat+API.swift in Sources */,
				66D57326236AC2ED008D9D38 /* AppDelegate+Helpers.swift in Sources */,
				66D57356236AC3C2008D9D38 /* ASView.swift in Sources */,
				1AA9D31D224B93CF002D2E02 /* ASImage.swift in Sources */,
				66D57339236AC36D008D9D38 /* DateHelper.swift in Sources */,
				66D57335236AC35A008D9D38 /* ASWebServices.swift in Sources */,
				66D57355236AC3C2008D9D38 /* ASFormLogo+ProgressView.swift in Sources */,
				1AA9D317224B93CF002D2E02 /* ASArrayExtensions.swift in Sources */,
				66D5733E236AC38D008D9D38 /* ASStringExt.swift in Sources */,
				669DC88322F46DBB00794E0E /* CBMessageListVC.swift in Sources */,
				669DC88A22F46E9800794E0E /* SelectedCell.swift in Sources */,
				66D5733D236AC38D008D9D38 /* ASAttributeStringMaker.swift in Sources */,
				66D57341236AC3A4008D9D38 /* ASColors.swift in Sources */,
				669DC87422F46A5000794E0E /* ASChatImageCollectionCell.swift in Sources */,
				66D57358236AC3C2008D9D38 /* ASButton.swift in Sources */,
				669DC88622F46DBB00794E0E /* CBSelectUserVC.swift in Sources */,
				669DC86F22F46A5000794E0E /* CBMessageModal.swift in Sources */,
				66D57359236AC3C2008D9D38 /* ASTextField.swift in Sources */,
				66D57360236AC3FE008D9D38 /* ASLoader.swift in Sources */,
				66D57354236AC3C2008D9D38 /* ASFormFieldView.swift in Sources */,
				1A24CDD0224CD24400F2FF83 /* TestModal.swift in Sources */,
				66D57344236AC3AC008D9D38 /* ASNavigationExt.swift in Sources */,
				669DC87622F46A5000794E0E /* ASChatCell.swift in Sources */,
				1AA9D325224B93CF002D2E02 /* EnumUtils.swift in Sources */,
				66D57347236AC3B1008D9D38 /* ASScrollExt.swift in Sources */,
				66D57330236AC31F008D9D38 /* RepeatingTimer.swift in Sources */,
				669DC86E22F46A5000794E0E /* CBGroupChat+TableView.swift in Sources */,
				669DC86C22F46A5000794E0E /* CBGroupChat+Tokbox.swift in Sources */,
				669DC87022F46A5000794E0E /* CBGroupChatVC+Helpers.swift in Sources */,
				66D5735D236AC3E7008D9D38 /* Constants.swift in Sources */,
			);
			runOnlyForDeploymentPostprocessing = 0;
		};
/* End PBXSourcesBuildPhase section */

/* Begin PBXVariantGroup section */
		1AA9D2D5224B93CF002D2E02 /* LaunchScreen.storyboard */ = {
			isa = PBXVariantGroup;
			children = (
				1AA9D2D6224B93CF002D2E02 /* Base */,
			);
			name = LaunchScreen.storyboard;
			sourceTree = "<group>";
		};
/* End PBXVariantGroup section */

/* Begin XCBuildConfiguration section */
		1AA9D2CF224B92E9002D2E02 /* Debug */ = {
			isa = XCBuildConfiguration;
			buildSettings = {
				ALWAYS_SEARCH_USER_PATHS = NO;
				CLANG_ANALYZER_NONNULL = YES;
				CLANG_ANALYZER_NUMBER_OBJECT_CONVERSION = YES_AGGRESSIVE;
				CLANG_CXX_LANGUAGE_STANDARD = "gnu++14";
				CLANG_CXX_LIBRARY = "libc++";
				CLANG_ENABLE_MODULES = YES;
				CLANG_ENABLE_OBJC_ARC = YES;
				CLANG_ENABLE_OBJC_WEAK = YES;
				CLANG_WARN_BLOCK_CAPTURE_AUTORELEASING = YES;
				CLANG_WARN_BOOL_CONVERSION = YES;
				CLANG_WARN_COMMA = YES;
				CLANG_WARN_CONSTANT_CONVERSION = YES;
				CLANG_WARN_DEPRECATED_OBJC_IMPLEMENTATIONS = YES;
				CLANG_WARN_DIRECT_OBJC_ISA_USAGE = YES_ERROR;
				CLANG_WARN_DOCUMENTATION_COMMENTS = YES;
				CLANG_WARN_EMPTY_BODY = YES;
				CLANG_WARN_ENUM_CONVERSION = YES;
				CLANG_WARN_INFINITE_RECURSION = YES;
				CLANG_WARN_INT_CONVERSION = YES;
				CLANG_WARN_NON_LITERAL_NULL_CONVERSION = YES;
				CLANG_WARN_OBJC_IMPLICIT_RETAIN_SELF = YES;
				CLANG_WARN_OBJC_LITERAL_CONVERSION = YES;
				CLANG_WARN_OBJC_ROOT_CLASS = YES_ERROR;
				CLANG_WARN_RANGE_LOOP_ANALYSIS = YES;
				CLANG_WARN_STRICT_PROTOTYPES = YES;
				CLANG_WARN_SUSPICIOUS_MOVE = YES;
				CLANG_WARN_UNGUARDED_AVAILABILITY = YES_AGGRESSIVE;
				CLANG_WARN_UNREACHABLE_CODE = YES;
				CLANG_WARN__DUPLICATE_METHOD_MATCH = YES;
				CODE_SIGN_IDENTITY = "iPhone Developer";
				COPY_PHASE_STRIP = NO;
				DEBUG_INFORMATION_FORMAT = dwarf;
				ENABLE_STRICT_OBJC_MSGSEND = YES;
				ENABLE_TESTABILITY = YES;
				GCC_C_LANGUAGE_STANDARD = gnu11;
				GCC_DYNAMIC_NO_PIC = NO;
				GCC_NO_COMMON_BLOCKS = YES;
				GCC_OPTIMIZATION_LEVEL = 0;
				GCC_PREPROCESSOR_DEFINITIONS = (
					"DEBUG=1",
					"$(inherited)",
				);
				GCC_WARN_64_TO_32_BIT_CONVERSION = YES;
				GCC_WARN_ABOUT_RETURN_TYPE = YES_ERROR;
				GCC_WARN_UNDECLARED_SELECTOR = YES;
				GCC_WARN_UNINITIALIZED_AUTOS = YES_AGGRESSIVE;
				GCC_WARN_UNUSED_FUNCTION = YES;
				GCC_WARN_UNUSED_VARIABLE = YES;
				IPHONEOS_DEPLOYMENT_TARGET = 12.1;
				MTL_ENABLE_DEBUG_INFO = INCLUDE_SOURCE;
				MTL_FAST_MATH = YES;
				ONLY_ACTIVE_ARCH = YES;
				SDKROOT = iphoneos;
				SWIFT_ACTIVE_COMPILATION_CONDITIONS = DEBUG;
				SWIFT_OPTIMIZATION_LEVEL = "-Onone";
				SWIFT_VERSION = 5.0;
			};
			name = Debug;
		};
		1AA9D2D0224B92E9002D2E02 /* Release */ = {
			isa = XCBuildConfiguration;
			buildSettings = {
				ALWAYS_SEARCH_USER_PATHS = NO;
				CLANG_ANALYZER_NONNULL = YES;
				CLANG_ANALYZER_NUMBER_OBJECT_CONVERSION = YES_AGGRESSIVE;
				CLANG_CXX_LANGUAGE_STANDARD = "gnu++14";
				CLANG_CXX_LIBRARY = "libc++";
				CLANG_ENABLE_MODULES = YES;
				CLANG_ENABLE_OBJC_ARC = YES;
				CLANG_ENABLE_OBJC_WEAK = YES;
				CLANG_WARN_BLOCK_CAPTURE_AUTORELEASING = YES;
				CLANG_WARN_BOOL_CONVERSION = YES;
				CLANG_WARN_COMMA = YES;
				CLANG_WARN_CONSTANT_CONVERSION = YES;
				CLANG_WARN_DEPRECATED_OBJC_IMPLEMENTATIONS = YES;
				CLANG_WARN_DIRECT_OBJC_ISA_USAGE = YES_ERROR;
				CLANG_WARN_DOCUMENTATION_COMMENTS = YES;
				CLANG_WARN_EMPTY_BODY = YES;
				CLANG_WARN_ENUM_CONVERSION = YES;
				CLANG_WARN_INFINITE_RECURSION = YES;
				CLANG_WARN_INT_CONVERSION = YES;
				CLANG_WARN_NON_LITERAL_NULL_CONVERSION = YES;
				CLANG_WARN_OBJC_IMPLICIT_RETAIN_SELF = YES;
				CLANG_WARN_OBJC_LITERAL_CONVERSION = YES;
				CLANG_WARN_OBJC_ROOT_CLASS = YES_ERROR;
				CLANG_WARN_RANGE_LOOP_ANALYSIS = YES;
				CLANG_WARN_STRICT_PROTOTYPES = YES;
				CLANG_WARN_SUSPICIOUS_MOVE = YES;
				CLANG_WARN_UNGUARDED_AVAILABILITY = YES_AGGRESSIVE;
				CLANG_WARN_UNREACHABLE_CODE = YES;
				CLANG_WARN__DUPLICATE_METHOD_MATCH = YES;
				CODE_SIGN_IDENTITY = "iPhone Developer";
				COPY_PHASE_STRIP = NO;
				DEBUG_INFORMATION_FORMAT = "dwarf-with-dsym";
				ENABLE_NS_ASSERTIONS = NO;
				ENABLE_STRICT_OBJC_MSGSEND = YES;
				GCC_C_LANGUAGE_STANDARD = gnu11;
				GCC_NO_COMMON_BLOCKS = YES;
				GCC_WARN_64_TO_32_BIT_CONVERSION = YES;
				GCC_WARN_ABOUT_RETURN_TYPE = YES_ERROR;
				GCC_WARN_UNDECLARED_SELECTOR = YES;
				GCC_WARN_UNINITIALIZED_AUTOS = YES_AGGRESSIVE;
				GCC_WARN_UNUSED_FUNCTION = YES;
				GCC_WARN_UNUSED_VARIABLE = YES;
				IPHONEOS_DEPLOYMENT_TARGET = 12.1;
				MTL_ENABLE_DEBUG_INFO = NO;
				MTL_FAST_MATH = YES;
				SDKROOT = iphoneos;
				SWIFT_COMPILATION_MODE = wholemodule;
				SWIFT_OPTIMIZATION_LEVEL = "-O";
				SWIFT_VERSION = 5.0;
				VALIDATE_PRODUCT = YES;
			};
			name = Release;
		};
		1AA9D2D2224B92E9002D2E02 /* Debug */ = {
			isa = XCBuildConfiguration;
			baseConfigurationReference = 187BDD9134492D1BB2F8C9A0 /* Pods-SwiftProject.debug.xcconfig */;
			buildSettings = {
				ASSETCATALOG_COMPILER_APPICON_NAME = AppIcon;
				CODE_SIGN_STYLE = Automatic;
				INFOPLIST_FILE = SwiftProject/Info.plist;
				IPHONEOS_DEPLOYMENT_TARGET = 10.0;
				LD_RUNPATH_SEARCH_PATHS = (
					"$(inherited)",
					"@executable_path/Frameworks",
				);
				PRODUCT_BUNDLE_IDENTIFIER = com.app.SwiftProject;
				PRODUCT_NAME = "$(TARGET_NAME)";
				SWIFT_VERSION = 5.0;
				TARGETED_DEVICE_FAMILY = 1;
			};
			name = Debug;
		};
		1AA9D2D3224B92E9002D2E02 /* Release */ = {
			isa = XCBuildConfiguration;
			baseConfigurationReference = 45AABC2EC3CD7560AF5842FE /* Pods-SwiftProject.release.xcconfig */;
			buildSettings = {
				ASSETCATALOG_COMPILER_APPICON_NAME = AppIcon;
				CODE_SIGN_STYLE = Automatic;
				INFOPLIST_FILE = SwiftProject/Info.plist;
				IPHONEOS_DEPLOYMENT_TARGET = 10.0;
				LD_RUNPATH_SEARCH_PATHS = (
					"$(inherited)",
					"@executable_path/Frameworks",
				);
				PRODUCT_BUNDLE_IDENTIFIER = com.app.SwiftProject;
				PRODUCT_NAME = "$(TARGET_NAME)";
				SWIFT_VERSION = 5.0;
				TARGETED_DEVICE_FAMILY = 1;
			};
			name = Release;
		};
/* End XCBuildConfiguration section */

/* Begin XCConfigurationList section */
		1AA9D2BA224B92D5002D2E02 /* Build configuration list for PBXProject "SwiftProject" */ = {
			isa = XCConfigurationList;
			buildConfigurations = (
				1AA9D2CF224B92E9002D2E02 /* Debug */,
				1AA9D2D0224B92E9002D2E02 /* Release */,
			);
			defaultConfigurationIsVisible = 0;
			defaultConfigurationName = Release;
		};
		1AA9D2D1224B92E9002D2E02 /* Build configuration list for PBXNativeTarget "SwiftProject" */ = {
			isa = XCConfigurationList;
			buildConfigurations = (
				1AA9D2D2224B92E9002D2E02 /* Debug */,
				1AA9D2D3224B92E9002D2E02 /* Release */,
			);
			defaultConfigurationIsVisible = 0;
			defaultConfigurationName = Release;
		};
/* End XCConfigurationList section */
	};
	rootObject = 1AA9D2B7224B92D5002D2E02 /* Project object */;
}
